// !$*UTF8*$!
{
	archiveVersion = 1;
	classes = {
	};
	objectVersion = 51;
	objects = {

/* Begin PBXBuildFile section */
		63C3133526284B8100C30433 /* LoginByEmail.storyboard in Resources */ = {isa = PBXBuildFile; fileRef = 63C3133426284B8100C30433 /* LoginByEmail.storyboard */; };
		63C3133C26284CE200C30433 /* UIColor+Extension.swift in Sources */ = {isa = PBXBuildFile; fileRef = 63C3133B26284CE200C30433 /* UIColor+Extension.swift */; };
		63C313432628512F00C30433 /* SpoqaHanSansNeo-Light.ttf in Resources */ = {isa = PBXBuildFile; fileRef = 63C313402628512F00C30433 /* SpoqaHanSansNeo-Light.ttf */; };
		63C313442628512F00C30433 /* SpoqaHanSansNeo-Bold.ttf in Resources */ = {isa = PBXBuildFile; fileRef = 63C313412628512F00C30433 /* SpoqaHanSansNeo-Bold.ttf */; };
		63C313452628512F00C30433 /* SpoqaHanSansNeo-Regular.ttf in Resources */ = {isa = PBXBuildFile; fileRef = 63C313422628512F00C30433 /* SpoqaHanSansNeo-Regular.ttf */; };
		63C313482628519C00C30433 /* UIFont+Extension.swift in Sources */ = {isa = PBXBuildFile; fileRef = 63C313472628519C00C30433 /* UIFont+Extension.swift */; };
		63D910E72617224D008942A7 /* AppDelegate.swift in Sources */ = {isa = PBXBuildFile; fileRef = 63D910E62617224D008942A7 /* AppDelegate.swift */; };
		63D910E92617224D008942A7 /* SceneDelegate.swift in Sources */ = {isa = PBXBuildFile; fileRef = 63D910E82617224D008942A7 /* SceneDelegate.swift */; };
		63D910EB2617224D008942A7 /* LoginByEmailVC.swift in Sources */ = {isa = PBXBuildFile; fileRef = 63D910EA2617224D008942A7 /* LoginByEmailVC.swift */; };
		63D910EE2617224D008942A7 /* Login.storyboard in Resources */ = {isa = PBXBuildFile; fileRef = 63D910EC2617224D008942A7 /* Login.storyboard */; };
		63D910F02617224F008942A7 /* Assets.xcassets in Resources */ = {isa = PBXBuildFile; fileRef = 63D910EF2617224F008942A7 /* Assets.xcassets */; };
		63D910F32617224F008942A7 /* LaunchScreen.storyboard in Resources */ = {isa = PBXBuildFile; fileRef = 63D910F12617224F008942A7 /* LaunchScreen.storyboard */; };
		6F0B62EAA4F083D4902D242B /* Pods_Wooly.framework in Frameworks */ = {isa = PBXBuildFile; fileRef = 1F1ADDABA082776D27F8C9BD /* Pods_Wooly.framework */; };
/* End PBXBuildFile section */

/* Begin PBXFileReference section */
		08C1EC575730892CC42C4536 /* Pods-Wooly.release.xcconfig */ = {isa = PBXFileReference; includeInIndex = 1; lastKnownFileType = text.xcconfig; name = "Pods-Wooly.release.xcconfig"; path = "Target Support Files/Pods-Wooly/Pods-Wooly.release.xcconfig"; sourceTree = "<group>"; };
		1F1ADDABA082776D27F8C9BD /* Pods_Wooly.framework */ = {isa = PBXFileReference; explicitFileType = wrapper.framework; includeInIndex = 0; path = Pods_Wooly.framework; sourceTree = BUILT_PRODUCTS_DIR; };
		63C3133426284B8100C30433 /* LoginByEmail.storyboard */ = {isa = PBXFileReference; lastKnownFileType = file.storyboard; path = LoginByEmail.storyboard; sourceTree = "<group>"; };
		63C3133B26284CE200C30433 /* UIColor+Extension.swift */ = {isa = PBXFileReference; lastKnownFileType = sourcecode.swift; path = "UIColor+Extension.swift"; sourceTree = "<group>"; };
		63C313402628512F00C30433 /* SpoqaHanSansNeo-Light.ttf */ = {isa = PBXFileReference; lastKnownFileType = file; path = "SpoqaHanSansNeo-Light.ttf"; sourceTree = "<group>"; };
		63C313412628512F00C30433 /* SpoqaHanSansNeo-Bold.ttf */ = {isa = PBXFileReference; lastKnownFileType = file; path = "SpoqaHanSansNeo-Bold.ttf"; sourceTree = "<group>"; };
		63C313422628512F00C30433 /* SpoqaHanSansNeo-Regular.ttf */ = {isa = PBXFileReference; lastKnownFileType = file; path = "SpoqaHanSansNeo-Regular.ttf"; sourceTree = "<group>"; };
		63C313472628519C00C30433 /* UIFont+Extension.swift */ = {isa = PBXFileReference; lastKnownFileType = sourcecode.swift; path = "UIFont+Extension.swift"; sourceTree = "<group>"; };
		63D910E32617224D008942A7 /* Wooly.app */ = {isa = PBXFileReference; explicitFileType = wrapper.application; includeInIndex = 0; path = Wooly.app; sourceTree = BUILT_PRODUCTS_DIR; };
		63D910E62617224D008942A7 /* AppDelegate.swift */ = {isa = PBXFileReference; lastKnownFileType = sourcecode.swift; path = AppDelegate.swift; sourceTree = "<group>"; };
		63D910E82617224D008942A7 /* SceneDelegate.swift */ = {isa = PBXFileReference; lastKnownFileType = sourcecode.swift; path = SceneDelegate.swift; sourceTree = "<group>"; };
		63D910EA2617224D008942A7 /* LoginByEmailVC.swift */ = {isa = PBXFileReference; lastKnownFileType = sourcecode.swift; path = LoginByEmailVC.swift; sourceTree = "<group>"; };
		63D910ED2617224D008942A7 /* Base */ = {isa = PBXFileReference; lastKnownFileType = file.storyboard; name = Base; path = Base.lproj/Login.storyboard; sourceTree = "<group>"; };
		63D910EF2617224F008942A7 /* Assets.xcassets */ = {isa = PBXFileReference; lastKnownFileType = folder.assetcatalog; path = Assets.xcassets; sourceTree = "<group>"; };
		63D910F22617224F008942A7 /* Base */ = {isa = PBXFileReference; lastKnownFileType = file.storyboard; name = Base; path = Base.lproj/LaunchScreen.storyboard; sourceTree = "<group>"; };
		63D910F42617224F008942A7 /* Info.plist */ = {isa = PBXFileReference; lastKnownFileType = text.plist.xml; path = Info.plist; sourceTree = "<group>"; };
		73F9517BA5125A7E7E459DED /* Pods-Wooly.debug.xcconfig */ = {isa = PBXFileReference; includeInIndex = 1; lastKnownFileType = text.xcconfig; name = "Pods-Wooly.debug.xcconfig"; path = "Target Support Files/Pods-Wooly/Pods-Wooly.debug.xcconfig"; sourceTree = "<group>"; };
/* End PBXFileReference section */

/* Begin PBXFrameworksBuildPhase section */
		63D910E02617224D008942A7 /* Frameworks */ = {
			isa = PBXFrameworksBuildPhase;
			buildActionMask = 2147483647;
			files = (
				6F0B62EAA4F083D4902D242B /* Pods_Wooly.framework in Frameworks */,
			);
			runOnlyForDeploymentPostprocessing = 0;
		};
/* End PBXFrameworksBuildPhase section */

/* Begin PBXGroup section */
		41A3E6FEA68B1B8A5A707E70 /* Pods */ = {
			isa = PBXGroup;
			children = (
				73F9517BA5125A7E7E459DED /* Pods-Wooly.debug.xcconfig */,
				08C1EC575730892CC42C4536 /* Pods-Wooly.release.xcconfig */,
			);
			path = Pods;
			sourceTree = "<group>";
		};
		63C31330262849F900C30433 /* Resources */ = {
			isa = PBXGroup;
			children = (
				63C3133E2628506A00C30433 /* Font */,
				63D910EF2617224F008942A7 /* Assets.xcassets */,
			);
			path = Resources;
			sourceTree = "<group>";
		};
		63C3133126284A0100C30433 /* View */ = {
			isa = PBXGroup;
			children = (
				63D910F12617224F008942A7 /* LaunchScreen.storyboard */,
				63C3133726284B8700C30433 /* Login */,
			);
			path = View;
			sourceTree = "<group>";
		};
		63C3133226284A2500C30433 /* Controllers */ = {
			isa = PBXGroup;
			children = (
				63D910EA2617224D008942A7 /* LoginByEmailVC.swift */,
			);
			path = Controllers;
			sourceTree = "<group>";
		};
		63C3133326284A5D00C30433 /* AppDelegate */ = {
			isa = PBXGroup;
			children = (
				63D910E62617224D008942A7 /* AppDelegate.swift */,
				63D910E82617224D008942A7 /* SceneDelegate.swift */,
			);
			path = AppDelegate;
			sourceTree = "<group>";
		};
		63C3133726284B8700C30433 /* Login */ = {
			isa = PBXGroup;
			children = (
				63D910EC2617224D008942A7 /* Login.storyboard */,
				63C3133426284B8100C30433 /* LoginByEmail.storyboard */,
			);
			path = Login;
			sourceTree = "<group>";
		};
		63C3133926284CBB00C30433 /* Sources */ = {
			isa = PBXGroup;
			children = (
				63C3133A26284CD200C30433 /* Extension */,
			);
			path = Sources;
			sourceTree = "<group>";
		};
		63C3133A26284CD200C30433 /* Extension */ = {
			isa = PBXGroup;
			children = (
				63C3133B26284CE200C30433 /* UIColor+Extension.swift */,
				63C313472628519C00C30433 /* UIFont+Extension.swift */,
			);
			path = Extension;
			sourceTree = "<group>";
		};
		63C3133E2628506A00C30433 /* Font */ = {
			isa = PBXGroup;
			children = (
				63C313412628512F00C30433 /* SpoqaHanSansNeo-Bold.ttf */,
				63C313402628512F00C30433 /* SpoqaHanSansNeo-Light.ttf */,
				63C313422628512F00C30433 /* SpoqaHanSansNeo-Regular.ttf */,
			);
			path = Font;
			sourceTree = "<group>";
		};
		63D910DA2617224D008942A7 = {
			isa = PBXGroup;
			children = (
				63D910E52617224D008942A7 /* Wooly */,
				63D910E42617224D008942A7 /* Products */,
				41A3E6FEA68B1B8A5A707E70 /* Pods */,
				81CA80D9CFA69EC890B68DFC /* Frameworks */,
			);
			sourceTree = "<group>";
		};
		63D910E42617224D008942A7 /* Products */ = {
			isa = PBXGroup;
			children = (
				63D910E32617224D008942A7 /* Wooly.app */,
			);
			name = Products;
			sourceTree = "<group>";
		};
		63D910E52617224D008942A7 /* Wooly */ = {
			isa = PBXGroup;
			children = (
				63D910F42617224F008942A7 /* Info.plist */,
				63C3133326284A5D00C30433 /* AppDelegate */,
				63C31330262849F900C30433 /* Resources */,
				63C3133926284CBB00C30433 /* Sources */,
				63C3133226284A2500C30433 /* Controllers */,
				63C3133126284A0100C30433 /* View */,
			);
			path = Wooly;
			sourceTree = "<group>";
		};
		81CA80D9CFA69EC890B68DFC /* Frameworks */ = {
			isa = PBXGroup;
			children = (
				1F1ADDABA082776D27F8C9BD /* Pods_Wooly.framework */,
			);
			name = Frameworks;
			sourceTree = "<group>";
		};
/* End PBXGroup section */

/* Begin PBXNativeTarget section */
		63D910E22617224D008942A7 /* Wooly */ = {
			isa = PBXNativeTarget;
			buildConfigurationList = 63D910F72617224F008942A7 /* Build configuration list for PBXNativeTarget "Wooly" */;
			buildPhases = (
				487A7530863A445A06B07962 /* [CP] Check Pods Manifest.lock */,
				63D910DF2617224D008942A7 /* Sources */,
				63D910E02617224D008942A7 /* Frameworks */,
				63D910E12617224D008942A7 /* Resources */,
				3AEC7C66E39F4C8FBF212FDF /* [CP] Embed Pods Frameworks */,
			);
			buildRules = (
			);
			dependencies = (
			);
			name = Wooly;
			productName = Wooly;
			productReference = 63D910E32617224D008942A7 /* Wooly.app */;
			productType = "com.apple.product-type.application";
		};
/* End PBXNativeTarget section */

/* Begin PBXProject section */
		63D910DB2617224D008942A7 /* Project object */ = {
			isa = PBXProject;
			attributes = {
				LastSwiftUpdateCheck = 1240;
				LastUpgradeCheck = 1240;
				TargetAttributes = {
					63D910E22617224D008942A7 = {
						CreatedOnToolsVersion = 12.4;
					};
				};
			};
			buildConfigurationList = 63D910DE2617224D008942A7 /* Build configuration list for PBXProject "Wooly" */;
			compatibilityVersion = "Xcode 9.3";
			developmentRegion = en;
			hasScannedForEncodings = 0;
			knownRegions = (
				en,
				Base,
			);
			mainGroup = 63D910DA2617224D008942A7;
			productRefGroup = 63D910E42617224D008942A7 /* Products */;
			projectDirPath = "";
			projectRoot = "";
			targets = (
				63D910E22617224D008942A7 /* Wooly */,
			);
		};
/* End PBXProject section */

/* Begin PBXResourcesBuildPhase section */
		63D910E12617224D008942A7 /* Resources */ = {
			isa = PBXResourcesBuildPhase;
			buildActionMask = 2147483647;
			files = (
				63C313432628512F00C30433 /* SpoqaHanSansNeo-Light.ttf in Resources */,
				63C313452628512F00C30433 /* SpoqaHanSansNeo-Regular.ttf in Resources */,
				63D910F32617224F008942A7 /* LaunchScreen.storyboard in Resources */,
				63D910F02617224F008942A7 /* Assets.xcassets in Resources */,
				63C3133526284B8100C30433 /* LoginByEmail.storyboard in Resources */,
				63C313442628512F00C30433 /* SpoqaHanSansNeo-Bold.ttf in Resources */,
				63D910EE2617224D008942A7 /* Login.storyboard in Resources */,
			);
			runOnlyForDeploymentPostprocessing = 0;
		};
/* End PBXResourcesBuildPhase section */

/* Begin PBXShellScriptBuildPhase section */
		3AEC7C66E39F4C8FBF212FDF /* [CP] Embed Pods Frameworks */ = {
			isa = PBXShellScriptBuildPhase;
			buildActionMask = 2147483647;
			files = (
			);
			inputFileListPaths = (
				"${PODS_ROOT}/Target Support Files/Pods-Wooly/Pods-Wooly-frameworks-${CONFIGURATION}-input-files.xcfilelist",
			);
			name = "[CP] Embed Pods Frameworks";
			outputFileListPaths = (
				"${PODS_ROOT}/Target Support Files/Pods-Wooly/Pods-Wooly-frameworks-${CONFIGURATION}-output-files.xcfilelist",
			);
			runOnlyForDeploymentPostprocessing = 0;
			shellPath = /bin/sh;
			shellScript = "\"${PODS_ROOT}/Target Support Files/Pods-Wooly/Pods-Wooly-frameworks.sh\"\n";
			showEnvVarsInLog = 0;
		};
		487A7530863A445A06B07962 /* [CP] Check Pods Manifest.lock */ = {
			isa = PBXShellScriptBuildPhase;
			buildActionMask = 2147483647;
			files = (
			);
			inputFileListPaths = (
			);
			inputPaths = (
				"${PODS_PODFILE_DIR_PATH}/Podfile.lock",
				"${PODS_ROOT}/Manifest.lock",
			);
			name = "[CP] Check Pods Manifest.lock";
			outputFileListPaths = (
			);
			outputPaths = (
				"$(DERIVED_FILE_DIR)/Pods-Wooly-checkManifestLockResult.txt",
			);
			runOnlyForDeploymentPostprocessing = 0;
			shellPath = /bin/sh;
			shellScript = "diff \"${PODS_PODFILE_DIR_PATH}/Podfile.lock\" \"${PODS_ROOT}/Manifest.lock\" > /dev/null\nif [ $? != 0 ] ; then\n    # print error to STDERR\n    echo \"error: The sandbox is not in sync with the Podfile.lock. Run 'pod install' or update your CocoaPods installation.\" >&2\n    exit 1\nfi\n# This output is used by Xcode 'outputs' to avoid re-running this script phase.\necho \"SUCCESS\" > \"${SCRIPT_OUTPUT_FILE_0}\"\n";
			showEnvVarsInLog = 0;
		};
/* End PBXShellScriptBuildPhase section */

/* Begin PBXSourcesBuildPhase section */
		63D910DF2617224D008942A7 /* Sources */ = {
			isa = PBXSourcesBuildPhase;
			buildActionMask = 2147483647;
			files = (
				63D910EB2617224D008942A7 /* LoginByEmailVC.swift in Sources */,
				63D910E72617224D008942A7 /* AppDelegate.swift in Sources */,
				63D910E92617224D008942A7 /* SceneDelegate.swift in Sources */,
				63C313482628519C00C30433 /* UIFont+Extension.swift in Sources */,
				63C3133C26284CE200C30433 /* UIColor+Extension.swift in Sources */,
			);
			runOnlyForDeploymentPostprocessing = 0;
		};
/* End PBXSourcesBuildPhase section */

/* Begin PBXVariantGroup section */
		63D910EC2617224D008942A7 /* Login.storyboard */ = {
			isa = PBXVariantGroup;
			children = (
				63D910ED2617224D008942A7 /* Base */,
			);
			name = Login.storyboard;
			sourceTree = "<group>";
		};
		63D910F12617224F008942A7 /* LaunchScreen.storyboard */ = {
			isa = PBXVariantGroup;
			children = (
				63D910F22617224F008942A7 /* Base */,
			);
			name = LaunchScreen.storyboard;
			sourceTree = "<group>";
		};
/* End PBXVariantGroup section */

/* Begin XCBuildConfiguration section */
		63D910F52617224F008942A7 /* Debug */ = {
			isa = XCBuildConfiguration;
			buildSettings = {
				ALWAYS_SEARCH_USER_PATHS = NO;
				CLANG_ANALYZER_NONNULL = YES;
				CLANG_ANALYZER_NUMBER_OBJECT_CONVERSION = YES_AGGRESSIVE;
				CLANG_CXX_LANGUAGE_STANDARD = "gnu++14";
				CLANG_CXX_LIBRARY = "libc++";
				CLANG_ENABLE_MODULES = YES;
				CLANG_ENABLE_OBJC_ARC = YES;
				CLANG_ENABLE_OBJC_WEAK = YES;
				CLANG_WARN_BLOCK_CAPTURE_AUTORELEASING = YES;
				CLANG_WARN_BOOL_CONVERSION = YES;
				CLANG_WARN_COMMA = YES;
				CLANG_WARN_CONSTANT_CONVERSION = YES;
				CLANG_WARN_DEPRECATED_OBJC_IMPLEMENTATIONS = YES;
				CLANG_WARN_DIRECT_OBJC_ISA_USAGE = YES_ERROR;
				CLANG_WARN_DOCUMENTATION_COMMENTS = YES;
				CLANG_WARN_EMPTY_BODY = YES;
				CLANG_WARN_ENUM_CONVERSION = YES;
				CLANG_WARN_INFINITE_RECURSION = YES;
				CLANG_WARN_INT_CONVERSION = YES;
				CLANG_WARN_NON_LITERAL_NULL_CONVERSION = YES;
				CLANG_WARN_OBJC_IMPLICIT_RETAIN_SELF = YES;
				CLANG_WARN_OBJC_LITERAL_CONVERSION = YES;
				CLANG_WARN_OBJC_ROOT_CLASS = YES_ERROR;
				CLANG_WARN_QUOTED_INCLUDE_IN_FRAMEWORK_HEADER = YES;
				CLANG_WARN_RANGE_LOOP_ANALYSIS = YES;
				CLANG_WARN_STRICT_PROTOTYPES = YES;
				CLANG_WARN_SUSPICIOUS_MOVE = YES;
				CLANG_WARN_UNGUARDED_AVAILABILITY = YES_AGGRESSIVE;
				CLANG_WARN_UNREACHABLE_CODE = YES;
				CLANG_WARN__DUPLICATE_METHOD_MATCH = YES;
				COPY_PHASE_STRIP = NO;
				DEBUG_INFORMATION_FORMAT = dwarf;
				ENABLE_STRICT_OBJC_MSGSEND = YES;
				ENABLE_TESTABILITY = YES;
				GCC_C_LANGUAGE_STANDARD = gnu11;
				GCC_DYNAMIC_NO_PIC = NO;
				GCC_NO_COMMON_BLOCKS = YES;
				GCC_OPTIMIZATION_LEVEL = 0;
				GCC_PREPROCESSOR_DEFINITIONS = (
					"DEBUG=1",
					"$(inherited)",
				);
				GCC_WARN_64_TO_32_BIT_CONVERSION = YES;
				GCC_WARN_ABOUT_RETURN_TYPE = YES_ERROR;
				GCC_WARN_UNDECLARED_SELECTOR = YES;
				GCC_WARN_UNINITIALIZED_AUTOS = YES_AGGRESSIVE;
				GCC_WARN_UNUSED_FUNCTION = YES;
				GCC_WARN_UNUSED_VARIABLE = YES;
				IPHONEOS_DEPLOYMENT_TARGET = 14.4;
				MTL_ENABLE_DEBUG_INFO = INCLUDE_SOURCE;
				MTL_FAST_MATH = YES;
				ONLY_ACTIVE_ARCH = YES;
				SDKROOT = iphoneos;
				SWIFT_ACTIVE_COMPILATION_CONDITIONS = DEBUG;
				SWIFT_OPTIMIZATION_LEVEL = "-Onone";
			};
			name = Debug;
		};
		63D910F62617224F008942A7 /* Release */ = {
			isa = XCBuildConfiguration;
			buildSettings = {
				ALWAYS_SEARCH_USER_PATHS = NO;
				CLANG_ANALYZER_NONNULL = YES;
				CLANG_ANALYZER_NUMBER_OBJECT_CONVERSION = YES_AGGRESSIVE;
				CLANG_CXX_LANGUAGE_STANDARD = "gnu++14";
				CLANG_CXX_LIBRARY = "libc++";
				CLANG_ENABLE_MODULES = YES;
				CLANG_ENABLE_OBJC_ARC = YES;
				CLANG_ENABLE_OBJC_WEAK = YES;
				CLANG_WARN_BLOCK_CAPTURE_AUTORELEASING = YES;
				CLANG_WARN_BOOL_CONVERSION = YES;
				CLANG_WARN_COMMA = YES;
				CLANG_WARN_CONSTANT_CONVERSION = YES;
				CLANG_WARN_DEPRECATED_OBJC_IMPLEMENTATIONS = YES;
				CLANG_WARN_DIRECT_OBJC_ISA_USAGE = YES_ERROR;
				CLANG_WARN_DOCUMENTATION_COMMENTS = YES;
				CLANG_WARN_EMPTY_BODY = YES;
				CLANG_WARN_ENUM_CONVERSION = YES;
				CLANG_WARN_INFINITE_RECURSION = YES;
				CLANG_WARN_INT_CONVERSION = YES;
				CLANG_WARN_NON_LITERAL_NULL_CONVERSION = YES;
				CLANG_WARN_OBJC_IMPLICIT_RETAIN_SELF = YES;
				CLANG_WARN_OBJC_LITERAL_CONVERSION = YES;
				CLANG_WARN_OBJC_ROOT_CLASS = YES_ERROR;
				CLANG_WARN_QUOTED_INCLUDE_IN_FRAMEWORK_HEADER = YES;
				CLANG_WARN_RANGE_LOOP_ANALYSIS = YES;
				CLANG_WARN_STRICT_PROTOTYPES = YES;
				CLANG_WARN_SUSPICIOUS_MOVE = YES;
				CLANG_WARN_UNGUARDED_AVAILABILITY = YES_AGGRESSIVE;
				CLANG_WARN_UNREACHABLE_CODE = YES;
				CLANG_WARN__DUPLICATE_METHOD_MATCH = YES;
				COPY_PHASE_STRIP = NO;
				DEBUG_INFORMATION_FORMAT = "dwarf-with-dsym";
				ENABLE_NS_ASSERTIONS = NO;
				ENABLE_STRICT_OBJC_MSGSEND = YES;
				GCC_C_LANGUAGE_STANDARD = gnu11;
				GCC_NO_COMMON_BLOCKS = YES;
				GCC_WARN_64_TO_32_BIT_CONVERSION = YES;
				GCC_WARN_ABOUT_RETURN_TYPE = YES_ERROR;
				GCC_WARN_UNDECLARED_SELECTOR = YES;
				GCC_WARN_UNINITIALIZED_AUTOS = YES_AGGRESSIVE;
				GCC_WARN_UNUSED_FUNCTION = YES;
				GCC_WARN_UNUSED_VARIABLE = YES;
				IPHONEOS_DEPLOYMENT_TARGET = 14.4;
				MTL_ENABLE_DEBUG_INFO = NO;
				MTL_FAST_MATH = YES;
				SDKROOT = iphoneos;
				SWIFT_COMPILATION_MODE = wholemodule;
				SWIFT_OPTIMIZATION_LEVEL = "-O";
				VALIDATE_PRODUCT = YES;
			};
			name = Release;
		};
		63D910F82617224F008942A7 /* Debug */ = {
			isa = XCBuildConfiguration;
			baseConfigurationReference = 73F9517BA5125A7E7E459DED /* Pods-Wooly.debug.xcconfig */;
			buildSettings = {
				ASSETCATALOG_COMPILER_APPICON_NAME = AppIcon;
				ASSETCATALOG_COMPILER_GLOBAL_ACCENT_COLOR_NAME = AccentColor;
				CODE_SIGN_STYLE = Automatic;
				DEVELOPMENT_TEAM = 4YXV56BSN6;
				INFOPLIST_FILE = Wooly/Info.plist;
				LD_RUNPATH_SEARCH_PATHS = (
					"$(inherited)",
					"@executable_path/Frameworks",
				);
				PRODUCT_BUNDLE_IDENTIFIER = Wooly.Wooly;
				PRODUCT_NAME = "$(TARGET_NAME)";
				SWIFT_VERSION = 5.0;
				TARGETED_DEVICE_FAMILY = "1,2";
			};
			name = Debug;
		};
		63D910F92617224F008942A7 /* Release */ = {
			isa = XCBuildConfiguration;
			baseConfigurationReference = 08C1EC575730892CC42C4536 /* Pods-Wooly.release.xcconfig */;
			buildSettings = {
				ASSETCATALOG_COMPILER_APPICON_NAME = AppIcon;
				ASSETCATALOG_COMPILER_GLOBAL_ACCENT_COLOR_NAME = AccentColor;
				CODE_SIGN_STYLE = Automatic;
				DEVELOPMENT_TEAM = 4YXV56BSN6;
				INFOPLIST_FILE = Wooly/Info.plist;
				LD_RUNPATH_SEARCH_PATHS = (
					"$(inherited)",
					"@executable_path/Frameworks",
				);
				PRODUCT_BUNDLE_IDENTIFIER = Wooly.Wooly;
				PRODUCT_NAME = "$(TARGET_NAME)";
				SWIFT_VERSION = 5.0;
				TARGETED_DEVICE_FAMILY = "1,2";
			};
			name = Release;
		};
/* End XCBuildConfiguration section */

/* Begin XCConfigurationList section */
		63D910DE2617224D008942A7 /* Build configuration list for PBXProject "Wooly" */ = {
			isa = XCConfigurationList;
			buildConfigurations = (
				63D910F52617224F008942A7 /* Debug */,
				63D910F62617224F008942A7 /* Release */,
			);
			defaultConfigurationIsVisible = 0;
			defaultConfigurationName = Release;
		};
		63D910F72617224F008942A7 /* Build configuration list for PBXNativeTarget "Wooly" */ = {
			isa = XCConfigurationList;
			buildConfigurations = (
				63D910F82617224F008942A7 /* Debug */,
				63D910F92617224F008942A7 /* Release */,
			);
			defaultConfigurationIsVisible = 0;
			defaultConfigurationName = Release;
		};
/* End XCConfigurationList section */
	};
	rootObject = 63D910DB2617224D008942A7 /* Project object */;
}
